
Microsoft Visual Studio Solution File, Format Version 12.00
# Visual Studio Version 17
VisualStudioVersion = 17.7.34031.279
MinimumVisualStudioVersion = 10.0.40219.1
Project("{FAE04EC0-301F-11D3-BF4B-00C04F79EFBC}") = "SCPSpeedBoost", "SCPSpeedBoost\SCPSpeedBoost.csproj", "{9FC7E8BF-58C6-418C-B9CD-4E40A0FA444D}"
EndProject
Global
	GlobalSection(SolutionConfigurationPlatforms) = preSolution
		Debug|Any CPU = Debug|Any CPU
		Release|Any CPU = Release|Any CPU
	EndGlobalSection
	GlobalSection(ProjectConfigurationPlatforms) = postSolution
		{9FC7E8BF-58C6-418C-B9CD-4E40A0FA444D}.Debug|Any CPU.ActiveCfg = Debug|Any CPU
		{9FC7E8BF-58C6-418C-B9CD-4E40A0FA444D}.Debug|Any CPU.Build.0 = Debug|Any CPU
		{9FC7E8BF-58C6-418C-B9CD-4E40A0FA444D}.Release|Any CPU.ActiveCfg = Release|Any CPU
		{9FC7E8BF-58C6-418C-B9CD-4E40A0FA444D}.Release|Any CPU.Build.0 = Release|Any CPU
	EndGlobalSection
	GlobalSection(SolutionProperties) = preSolution
		HideSolutionNode = FALSE
	EndGlobalSection
	GlobalSection(ExtensibilityGlobals) = postSolution
		SolutionGuid = {8AFF3899-9F9D-4876-9643-010910B2BC3C}
	EndGlobalSection
EndGlobal
